
Microsoft Visual Studio Solution File, Format Version 12.00
# Visual Studio Version 17
VisualStudioVersion = 17.7.34031.279
MinimumVisualStudioVersion = 10.0.40219.1
Project("{9A19103F-16F7-4668-BE54-9A1E7A4F7556}") = "EducationPortal.WEB", "EducationPortal\EducationPortal.WEB.csproj", "{9D941E0D-0599-4A80-B0DF-905893A61C47}"
EndProject
Project("{9A19103F-16F7-4668-BE54-9A1E7A4F7556}") = "EducationPortal.Core", "EducationPortal.Core\EducationPortal.Core.csproj", "{A290FEE0-C1D8-4734-BF24-94619FA3A667}"
EndProject
Project("{9A19103F-16F7-4668-BE54-9A1E7A4F7556}") = "EducationPortal.Entities", "EducationPortal.Entities\EducationPortal.Entities.csproj", "{EFC17BAB-149C-4B92-A438-638C87D23BDA}"
EndProject
Project("{9A19103F-16F7-4668-BE54-9A1E7A4F7556}") = "EducationPortal.DataAccess", "EducationPortal.DataAccess\EducationPortal.DataAccess.csproj", "{0F146392-41E4-4707-8C60-BFFF863E7F77}"
EndProject
Project("{9A19103F-16F7-4668-BE54-9A1E7A4F7556}") = "EducationPortal.Business", "EducationPortal.Business\EducationPortal.Business.csproj", "{210D31B9-9DA7-4F53-85A6-34BF25D28014}"
EndProject
Project("{9A19103F-16F7-4668-BE54-9A1E7A4F7556}") = "EducationPortal.API", "EducationPortal.API\EducationPortal.API.csproj", "{E05BCD5D-A8EC-4D3A-AF45-57D88F924488}"
EndProject
Global
	GlobalSection(SolutionConfigurationPlatforms) = preSolution
		Debug|Any CPU = Debug|Any CPU
		Release|Any CPU = Release|Any CPU
	EndGlobalSection
	GlobalSection(ProjectConfigurationPlatforms) = postSolution
		{9D941E0D-0599-4A80-B0DF-905893A61C47}.Debug|Any CPU.ActiveCfg = Debug|Any CPU
		{9D941E0D-0599-4A80-B0DF-905893A61C47}.Debug|Any CPU.Build.0 = Debug|Any CPU
		{9D941E0D-0599-4A80-B0DF-905893A61C47}.Release|Any CPU.ActiveCfg = Release|Any CPU
		{9D941E0D-0599-4A80-B0DF-905893A61C47}.Release|Any CPU.Build.0 = Release|Any CPU
		{A290FEE0-C1D8-4734-BF24-94619FA3A667}.Debug|Any CPU.ActiveCfg = Debug|Any CPU
		{A290FEE0-C1D8-4734-BF24-94619FA3A667}.Debug|Any CPU.Build.0 = Debug|Any CPU
		{A290FEE0-C1D8-4734-BF24-94619FA3A667}.Release|Any CPU.ActiveCfg = Release|Any CPU
		{A290FEE0-C1D8-4734-BF24-94619FA3A667}.Release|Any CPU.Build.0 = Release|Any CPU
		{EFC17BAB-149C-4B92-A438-638C87D23BDA}.Debug|Any CPU.ActiveCfg = Debug|Any CPU
		{EFC17BAB-149C-4B92-A438-638C87D23BDA}.Debug|Any CPU.Build.0 = Debug|Any CPU
		{EFC17BAB-149C-4B92-A438-638C87D23BDA}.Release|Any CPU.ActiveCfg = Release|Any CPU
		{EFC17BAB-149C-4B92-A438-638C87D23BDA}.Release|Any CPU.Build.0 = Release|Any CPU
		{0F146392-41E4-4707-8C60-BFFF863E7F77}.Debug|Any CPU.ActiveCfg = Debug|Any CPU
		{0F146392-41E4-4707-8C60-BFFF863E7F77}.Debug|Any CPU.Build.0 = Debug|Any CPU
		{0F146392-41E4-4707-8C60-BFFF863E7F77}.Release|Any CPU.ActiveCfg = Release|Any CPU
		{0F146392-41E4-4707-8C60-BFFF863E7F77}.Release|Any CPU.Build.0 = Release|Any CPU
		{210D31B9-9DA7-4F53-85A6-34BF25D28014}.Debug|Any CPU.ActiveCfg = Debug|Any CPU
		{210D31B9-9DA7-4F53-85A6-34BF25D28014}.Debug|Any CPU.Build.0 = Debug|Any CPU
		{210D31B9-9DA7-4F53-85A6-34BF25D28014}.Release|Any CPU.ActiveCfg = Release|Any CPU
		{210D31B9-9DA7-4F53-85A6-34BF25D28014}.Release|Any CPU.Build.0 = Release|Any CPU
		{E05BCD5D-A8EC-4D3A-AF45-57D88F924488}.Debug|Any CPU.ActiveCfg = Debug|Any CPU
		{E05BCD5D-A8EC-4D3A-AF45-57D88F924488}.Debug|Any CPU.Build.0 = Debug|Any CPU
		{E05BCD5D-A8EC-4D3A-AF45-57D88F924488}.Release|Any CPU.ActiveCfg = Release|Any CPU
		{E05BCD5D-A8EC-4D3A-AF45-57D88F924488}.Release|Any CPU.Build.0 = Release|Any CPU
	EndGlobalSection
	GlobalSection(SolutionProperties) = preSolution
		HideSolutionNode = FALSE
	EndGlobalSection
	GlobalSection(ExtensibilityGlobals) = postSolution
		SolutionGuid = {CC4879BE-65DB-427A-956F-1087474DDE7A}
	EndGlobalSection
EndGlobal
